
Microsoft Visual Studio Solution File, Format Version 11.00
# Visual Studio 2010
Project("{FAE04EC0-301F-11D3-BF4B-00C04F79EFBC}") = "Trains.Domain.Tests", "TrainsUnitTests\Trains.Domain.Tests.csproj", "{447823E4-0BE1-45CD-A3F8-6C5863F83012}"
EndProject
Project("{FAE04EC0-301F-11D3-BF4B-00C04F79EFBC}") = "Trains", "Trains\Trains.csproj", "{4230F556-F529-42D1-80F7-51AB2FEFEEA1}"
EndProject
Project("{FAE04EC0-301F-11D3-BF4B-00C04F79EFBC}") = "Trains.Domain", "Trains.Domain\Trains.Domain.csproj", "{D71FB57E-E407-4335-A860-0968B0CE227F}"
EndProject
Global
	GlobalSection(SolutionConfigurationPlatforms) = preSolution
		Debug|Any CPU = Debug|Any CPU
		Debug|Mixed Platforms = Debug|Mixed Platforms
		Debug|x86 = Debug|x86
		Release|Any CPU = Release|Any CPU
		Release|Mixed Platforms = Release|Mixed Platforms
		Release|x86 = Release|x86
	EndGlobalSection
	GlobalSection(ProjectConfigurationPlatforms) = postSolution
		{447823E4-0BE1-45CD-A3F8-6C5863F83012}.Debug|Any CPU.ActiveCfg = Debug|Any CPU
		{447823E4-0BE1-45CD-A3F8-6C5863F83012}.Debug|Any CPU.Build.0 = Debug|Any CPU
		{447823E4-0BE1-45CD-A3F8-6C5863F83012}.Debug|Mixed Platforms.ActiveCfg = Debug|Any CPU
		{447823E4-0BE1-45CD-A3F8-6C5863F83012}.Debug|Mixed Platforms.Build.0 = Debug|Any CPU
		{447823E4-0BE1-45CD-A3F8-6C5863F83012}.Debug|x86.ActiveCfg = Debug|Any CPU
		{447823E4-0BE1-45CD-A3F8-6C5863F83012}.Release|Any CPU.ActiveCfg = Release|Any CPU
		{447823E4-0BE1-45CD-A3F8-6C5863F83012}.Release|Any CPU.Build.0 = Release|Any CPU
		{447823E4-0BE1-45CD-A3F8-6C5863F83012}.Release|Mixed Platforms.ActiveCfg = Release|Any CPU
		{447823E4-0BE1-45CD-A3F8-6C5863F83012}.Release|Mixed Platforms.Build.0 = Release|Any CPU
		{447823E4-0BE1-45CD-A3F8-6C5863F83012}.Release|x86.ActiveCfg = Release|Any CPU
		{4230F556-F529-42D1-80F7-51AB2FEFEEA1}.Debug|Any CPU.ActiveCfg = Debug|x86
		{4230F556-F529-42D1-80F7-51AB2FEFEEA1}.Debug|Mixed Platforms.ActiveCfg = Debug|x86
		{4230F556-F529-42D1-80F7-51AB2FEFEEA1}.Debug|Mixed Platforms.Build.0 = Debug|x86
		{4230F556-F529-42D1-80F7-51AB2FEFEEA1}.Debug|x86.ActiveCfg = Debug|x86
		{4230F556-F529-42D1-80F7-51AB2FEFEEA1}.Debug|x86.Build.0 = Debug|x86
		{4230F556-F529-42D1-80F7-51AB2FEFEEA1}.Release|Any CPU.ActiveCfg = Release|x86
		{4230F556-F529-42D1-80F7-51AB2FEFEEA1}.Release|Mixed Platforms.ActiveCfg = Release|x86
		{4230F556-F529-42D1-80F7-51AB2FEFEEA1}.Release|Mixed Platforms.Build.0 = Release|x86
		{4230F556-F529-42D1-80F7-51AB2FEFEEA1}.Release|x86.ActiveCfg = Release|x86
		{4230F556-F529-42D1-80F7-51AB2FEFEEA1}.Release|x86.Build.0 = Release|x86
		{D71FB57E-E407-4335-A860-0968B0CE227F}.Debug|Any CPU.ActiveCfg = Debug|Any CPU
		{D71FB57E-E407-4335-A860-0968B0CE227F}.Debug|Any CPU.Build.0 = Debug|Any CPU
		{D71FB57E-E407-4335-A860-0968B0CE227F}.Debug|Mixed Platforms.ActiveCfg = Debug|Any CPU
		{D71FB57E-E407-4335-A860-0968B0CE227F}.Debug|Mixed Platforms.Build.0 = Debug|Any CPU
		{D71FB57E-E407-4335-A860-0968B0CE227F}.Debug|x86.ActiveCfg = Debug|Any CPU
		{D71FB57E-E407-4335-A860-0968B0CE227F}.Release|Any CPU.ActiveCfg = Release|Any CPU
		{D71FB57E-E407-4335-A860-0968B0CE227F}.Release|Any CPU.Build.0 = Release|Any CPU
		{D71FB57E-E407-4335-A860-0968B0CE227F}.Release|Mixed Platforms.ActiveCfg = Release|Any CPU
		{D71FB57E-E407-4335-A860-0968B0CE227F}.Release|Mixed Platforms.Build.0 = Release|Any CPU
		{D71FB57E-E407-4335-A860-0968B0CE227F}.Release|x86.ActiveCfg = Release|Any CPU
	EndGlobalSection
	GlobalSection(SolutionProperties) = preSolution
		HideSolutionNode = FALSE
	EndGlobalSection
EndGlobal
